// !$*UTF8*$!
{
	archiveVersion = 1;
	classes = {
	};
	objectVersion = 46;
	objects = {

/* Begin PBXBuildFile section */
		1ADBCE101B43F67200E98A21 /* main.m in Sources */ = {isa = PBXBuildFile; fileRef = 1ADBCE0F1B43F67200E98A21 /* main.m */; };
		1ADBCE131B43F67200E98A21 /* AppDelegate.m in Sources */ = {isa = PBXBuildFile; fileRef = 1ADBCE121B43F67200E98A21 /* AppDelegate.m */; };
		1ADBCE191B43F67200E98A21 /* Main.storyboard in Resources */ = {isa = PBXBuildFile; fileRef = 1ADBCE171B43F67200E98A21 /* Main.storyboard */; };
		1ADBCE1B1B43F67200E98A21 /* Images.xcassets in Resources */ = {isa = PBXBuildFile; fileRef = 1ADBCE1A1B43F67200E98A21 /* Images.xcassets */; };
		1ADBCE1E1B43F67200E98A21 /* LaunchScreen.xib in Resources */ = {isa = PBXBuildFile; fileRef = 1ADBCE1C1B43F67200E98A21 /* LaunchScreen.xib */; };
		1ADBCE2A1B43F67200E98A21 /* HNReaderTests.m in Sources */ = {isa = PBXBuildFile; fileRef = 1ADBCE291B43F67200E98A21 /* HNReaderTests.m */; };
		1ADBCE341B43FB4B00E98A21 /* StoryTableViewCell.xib in Resources */ = {isa = PBXBuildFile; fileRef = 1ADBCE331B43FB4B00E98A21 /* StoryTableViewCell.xib */; };
		1ADBCE371B43FC6600E98A21 /* StoryTableViewCell.m in Sources */ = {isa = PBXBuildFile; fileRef = 1ADBCE361B43FC6600E98A21 /* StoryTableViewCell.m */; };
		1ADBCE3A1B43FD3400E98A21 /* StoriesTableViewController.m in Sources */ = {isa = PBXBuildFile; fileRef = 1ADBCE391B43FD3400E98A21 /* StoriesTableViewController.m */; };
		1ADBCE3D1B44315A00E98A21 /* StoryViewController.m in Sources */ = {isa = PBXBuildFile; fileRef = 1ADBCE3C1B44315A00E98A21 /* StoryViewController.m */; };
		89F4776AC9469CCBD0694010 /* libPods.a in Frameworks */ = {isa = PBXBuildFile; fileRef = 4E5C66FBDF0D558CE4299156 /* libPods.a */; };
/* End PBXBuildFile section */

/* Begin PBXContainerItemProxy section */
		1ADBCE241B43F67200E98A21 /* PBXContainerItemProxy */ = {
			isa = PBXContainerItemProxy;
			containerPortal = 1ADBCE021B43F67200E98A21 /* Project object */;
			proxyType = 1;
			remoteGlobalIDString = 1ADBCE091B43F67200E98A21;
			remoteInfo = HNReader;
		};
/* End PBXContainerItemProxy section */

/* Begin PBXFileReference section */
		1ADBCE0A1B43F67200E98A21 /* HNReader.app */ = {isa = PBXFileReference; explicitFileType = wrapper.application; includeInIndex = 0; path = HNReader.app; sourceTree = BUILT_PRODUCTS_DIR; };
		1ADBCE0E1B43F67200E98A21 /* Info.plist */ = {isa = PBXFileReference; lastKnownFileType = text.plist.xml; path = Info.plist; sourceTree = "<group>"; };
		1ADBCE0F1B43F67200E98A21 /* main.m */ = {isa = PBXFileReference; lastKnownFileType = sourcecode.c.objc; path = main.m; sourceTree = "<group>"; };
		1ADBCE111B43F67200E98A21 /* AppDelegate.h */ = {isa = PBXFileReference; lastKnownFileType = sourcecode.c.h; path = AppDelegate.h; sourceTree = "<group>"; };
		1ADBCE121B43F67200E98A21 /* AppDelegate.m */ = {isa = PBXFileReference; lastKnownFileType = sourcecode.c.objc; path = AppDelegate.m; sourceTree = "<group>"; };
		1ADBCE181B43F67200E98A21 /* Base */ = {isa = PBXFileReference; lastKnownFileType = file.storyboard; name = Base; path = Base.lproj/Main.storyboard; sourceTree = "<group>"; };
		1ADBCE1A1B43F67200E98A21 /* Images.xcassets */ = {isa = PBXFileReference; lastKnownFileType = folder.assetcatalog; path = Images.xcassets; sourceTree = "<group>"; };
		1ADBCE1D1B43F67200E98A21 /* Base */ = {isa = PBXFileReference; lastKnownFileType = file.xib; name = Base; path = Base.lproj/LaunchScreen.xib; sourceTree = "<group>"; };
		1ADBCE231B43F67200E98A21 /* HNReaderTests.xctest */ = {isa = PBXFileReference; explicitFileType = wrapper.cfbundle; includeInIndex = 0; path = HNReaderTests.xctest; sourceTree = BUILT_PRODUCTS_DIR; };
		1ADBCE281B43F67200E98A21 /* Info.plist */ = {isa = PBXFileReference; lastKnownFileType = text.plist.xml; path = Info.plist; sourceTree = "<group>"; };
		1ADBCE291B43F67200E98A21 /* HNReaderTests.m */ = {isa = PBXFileReference; lastKnownFileType = sourcecode.c.objc; path = HNReaderTests.m; sourceTree = "<group>"; };
		1ADBCE331B43FB4B00E98A21 /* StoryTableViewCell.xib */ = {isa = PBXFileReference; fileEncoding = 4; lastKnownFileType = file.xib; path = StoryTableViewCell.xib; sourceTree = "<group>"; };
		1ADBCE351B43FC6600E98A21 /* StoryTableViewCell.h */ = {isa = PBXFileReference; fileEncoding = 4; lastKnownFileType = sourcecode.c.h; path = StoryTableViewCell.h; sourceTree = "<group>"; };
		1ADBCE361B43FC6600E98A21 /* StoryTableViewCell.m */ = {isa = PBXFileReference; fileEncoding = 4; lastKnownFileType = sourcecode.c.objc; path = StoryTableViewCell.m; sourceTree = "<group>"; };
		1ADBCE381B43FD3400E98A21 /* StoriesTableViewController.h */ = {isa = PBXFileReference; fileEncoding = 4; lastKnownFileType = sourcecode.c.h; path = StoriesTableViewController.h; sourceTree = "<group>"; };
		1ADBCE391B43FD3400E98A21 /* StoriesTableViewController.m */ = {isa = PBXFileReference; fileEncoding = 4; lastKnownFileType = sourcecode.c.objc; path = StoriesTableViewController.m; sourceTree = "<group>"; };
		1ADBCE3B1B44315A00E98A21 /* StoryViewController.h */ = {isa = PBXFileReference; fileEncoding = 4; lastKnownFileType = sourcecode.c.h; path = StoryViewController.h; sourceTree = "<group>"; };
		1ADBCE3C1B44315A00E98A21 /* StoryViewController.m */ = {isa = PBXFileReference; fileEncoding = 4; lastKnownFileType = sourcecode.c.objc; path = StoryViewController.m; sourceTree = "<group>"; };
		4E5C66FBDF0D558CE4299156 /* libPods.a */ = {isa = PBXFileReference; explicitFileType = archive.ar; includeInIndex = 0; path = libPods.a; sourceTree = BUILT_PRODUCTS_DIR; };
		7228DAE88F46DD24FF094B16 /* Pods.release.xcconfig */ = {isa = PBXFileReference; includeInIndex = 1; lastKnownFileType = text.xcconfig; name = Pods.release.xcconfig; path = "Pods/Target Support Files/Pods/Pods.release.xcconfig"; sourceTree = "<group>"; };
		9D5338384784EAB084A6026A /* Pods.debug.xcconfig */ = {isa = PBXFileReference; includeInIndex = 1; lastKnownFileType = text.xcconfig; name = Pods.debug.xcconfig; path = "Pods/Target Support Files/Pods/Pods.debug.xcconfig"; sourceTree = "<group>"; };
/* End PBXFileReference section */

/* Begin PBXFrameworksBuildPhase section */
		1ADBCE071B43F67200E98A21 /* Frameworks */ = {
			isa = PBXFrameworksBuildPhase;
			buildActionMask = 2147483647;
			files = (
				89F4776AC9469CCBD0694010 /* libPods.a in Frameworks */,
			);
			runOnlyForDeploymentPostprocessing = 0;
		};
		1ADBCE201B43F67200E98A21 /* Frameworks */ = {
			isa = PBXFrameworksBuildPhase;
			buildActionMask = 2147483647;
			files = (
			);
			runOnlyForDeploymentPostprocessing = 0;
		};
/* End PBXFrameworksBuildPhase section */

/* Begin PBXGroup section */
		11E46A1FEE0FF77C9BCACCF7 /* Frameworks */ = {
			isa = PBXGroup;
			children = (
				4E5C66FBDF0D558CE4299156 /* libPods.a */,
			);
			name = Frameworks;
			sourceTree = "<group>";
		};
		1ADBCE011B43F67200E98A21 = {
			isa = PBXGroup;
			children = (
				1ADBCE0C1B43F67200E98A21 /* HNReader */,
				1ADBCE261B43F67200E98A21 /* HNReaderTests */,
				1ADBCE0B1B43F67200E98A21 /* Products */,
				D2188F668F82C6B937489AD7 /* Pods */,
				11E46A1FEE0FF77C9BCACCF7 /* Frameworks */,
			);
			sourceTree = "<group>";
		};
		1ADBCE0B1B43F67200E98A21 /* Products */ = {
			isa = PBXGroup;
			children = (
				1ADBCE0A1B43F67200E98A21 /* HNReader.app */,
				1ADBCE231B43F67200E98A21 /* HNReaderTests.xctest */,
			);
			name = Products;
			sourceTree = "<group>";
		};
		1ADBCE0C1B43F67200E98A21 /* HNReader */ = {
			isa = PBXGroup;
			children = (
				1ADBCE111B43F67200E98A21 /* AppDelegate.h */,
				1ADBCE121B43F67200E98A21 /* AppDelegate.m */,
				1ADBCE171B43F67200E98A21 /* Main.storyboard */,
				1ADBCE381B43FD3400E98A21 /* StoriesTableViewController.h */,
				1ADBCE391B43FD3400E98A21 /* StoriesTableViewController.m */,
				1ADBCE3B1B44315A00E98A21 /* StoryViewController.h */,
				1ADBCE3C1B44315A00E98A21 /* StoryViewController.m */,
				1ADBCE331B43FB4B00E98A21 /* StoryTableViewCell.xib */,
				1ADBCE351B43FC6600E98A21 /* StoryTableViewCell.h */,
				1ADBCE361B43FC6600E98A21 /* StoryTableViewCell.m */,
				1ADBCE1A1B43F67200E98A21 /* Images.xcassets */,
				1ADBCE1C1B43F67200E98A21 /* LaunchScreen.xib */,
				1ADBCE0D1B43F67200E98A21 /* Supporting Files */,
			);
			path = HNReader;
			sourceTree = "<group>";
		};
		1ADBCE0D1B43F67200E98A21 /* Supporting Files */ = {
			isa = PBXGroup;
			children = (
				1ADBCE0E1B43F67200E98A21 /* Info.plist */,
				1ADBCE0F1B43F67200E98A21 /* main.m */,
			);
			name = "Supporting Files";
			sourceTree = "<group>";
		};
		1ADBCE261B43F67200E98A21 /* HNReaderTests */ = {
			isa = PBXGroup;
			children = (
				1ADBCE291B43F67200E98A21 /* HNReaderTests.m */,
				1ADBCE271B43F67200E98A21 /* Supporting Files */,
			);
			path = HNReaderTests;
			sourceTree = "<group>";
		};
		1ADBCE271B43F67200E98A21 /* Supporting Files */ = {
			isa = PBXGroup;
			children = (
				1ADBCE281B43F67200E98A21 /* Info.plist */,
			);
			name = "Supporting Files";
			sourceTree = "<group>";
		};
		D2188F668F82C6B937489AD7 /* Pods */ = {
			isa = PBXGroup;
			children = (
				9D5338384784EAB084A6026A /* Pods.debug.xcconfig */,
				7228DAE88F46DD24FF094B16 /* Pods.release.xcconfig */,
			);
			name = Pods;
			sourceTree = "<group>";
		};
/* End PBXGroup section */

/* Begin PBXNativeTarget section */
		1ADBCE091B43F67200E98A21 /* HNReader */ = {
			isa = PBXNativeTarget;
			buildConfigurationList = 1ADBCE2D1B43F67200E98A21 /* Build configuration list for PBXNativeTarget "HNReader" */;
			buildPhases = (
				C0607BAE5C9110FEC8A75964 /* Check Pods Manifest.lock */,
				1ADBCE061B43F67200E98A21 /* Sources */,
				1ADBCE071B43F67200E98A21 /* Frameworks */,
				1ADBCE081B43F67200E98A21 /* Resources */,
				978B00B30F58E4B5C7EF10B0 /* Copy Pods Resources */,
			);
			buildRules = (
			);
			dependencies = (
			);
			name = HNReader;
			productName = HNReader;
			productReference = 1ADBCE0A1B43F67200E98A21 /* HNReader.app */;
			productType = "com.apple.product-type.application";
		};
		1ADBCE221B43F67200E98A21 /* HNReaderTests */ = {
			isa = PBXNativeTarget;
			buildConfigurationList = 1ADBCE301B43F67200E98A21 /* Build configuration list for PBXNativeTarget "HNReaderTests" */;
			buildPhases = (
				1ADBCE1F1B43F67200E98A21 /* Sources */,
				1ADBCE201B43F67200E98A21 /* Frameworks */,
				1ADBCE211B43F67200E98A21 /* Resources */,
			);
			buildRules = (
			);
			dependencies = (
				1ADBCE251B43F67200E98A21 /* PBXTargetDependency */,
			);
			name = HNReaderTests;
			productName = HNReaderTests;
			productReference = 1ADBCE231B43F67200E98A21 /* HNReaderTests.xctest */;
			productType = "com.apple.product-type.bundle.unit-test";
		};
/* End PBXNativeTarget section */

/* Begin PBXProject section */
		1ADBCE021B43F67200E98A21 /* Project object */ = {
			isa = PBXProject;
			attributes = {
				LastUpgradeCheck = 0630;
				ORGANIZATIONNAME = Vlad;
				TargetAttributes = {
					1ADBCE091B43F67200E98A21 = {
						CreatedOnToolsVersion = 6.3.2;
					};
					1ADBCE221B43F67200E98A21 = {
						CreatedOnToolsVersion = 6.3.2;
						TestTargetID = 1ADBCE091B43F67200E98A21;
					};
				};
			};
			buildConfigurationList = 1ADBCE051B43F67200E98A21 /* Build configuration list for PBXProject "HNReader" */;
			compatibilityVersion = "Xcode 3.2";
			developmentRegion = English;
			hasScannedForEncodings = 0;
			knownRegions = (
				en,
				Base,
			);
			mainGroup = 1ADBCE011B43F67200E98A21;
			productRefGroup = 1ADBCE0B1B43F67200E98A21 /* Products */;
			projectDirPath = "";
			projectRoot = "";
			targets = (
				1ADBCE091B43F67200E98A21 /* HNReader */,
				1ADBCE221B43F67200E98A21 /* HNReaderTests */,
			);
		};
/* End PBXProject section */

/* Begin PBXResourcesBuildPhase section */
		1ADBCE081B43F67200E98A21 /* Resources */ = {
			isa = PBXResourcesBuildPhase;
			buildActionMask = 2147483647;
			files = (
				1ADBCE191B43F67200E98A21 /* Main.storyboard in Resources */,
				1ADBCE1E1B43F67200E98A21 /* LaunchScreen.xib in Resources */,
				1ADBCE1B1B43F67200E98A21 /* Images.xcassets in Resources */,
				1ADBCE341B43FB4B00E98A21 /* StoryTableViewCell.xib in Resources */,
			);
			runOnlyForDeploymentPostprocessing = 0;
		};
		1ADBCE211B43F67200E98A21 /* Resources */ = {
			isa = PBXResourcesBuildPhase;
			buildActionMask = 2147483647;
			files = (
			);
			runOnlyForDeploymentPostprocessing = 0;
		};
/* End PBXResourcesBuildPhase section */

/* Begin PBXShellScriptBuildPhase section */
		978B00B30F58E4B5C7EF10B0 /* Copy Pods Resources */ = {
			isa = PBXShellScriptBuildPhase;
			buildActionMask = 2147483647;
			files = (
			);
			inputPaths = (
			);
			name = "Copy Pods Resources";
			outputPaths = (
			);
			runOnlyForDeploymentPostprocessing = 0;
			shellPath = /bin/sh;
			shellScript = "\"${SRCROOT}/Pods/Target Support Files/Pods/Pods-resources.sh\"\n";
			showEnvVarsInLog = 0;
		};
		C0607BAE5C9110FEC8A75964 /* Check Pods Manifest.lock */ = {
			isa = PBXShellScriptBuildPhase;
			buildActionMask = 2147483647;
			files = (
			);
			inputPaths = (
			);
			name = "Check Pods Manifest.lock";
			outputPaths = (
			);
			runOnlyForDeploymentPostprocessing = 0;
			shellPath = /bin/sh;
			shellScript = "diff \"${PODS_ROOT}/../Podfile.lock\" \"${PODS_ROOT}/Manifest.lock\" > /dev/null\nif [[ $? != 0 ]] ; then\n    cat << EOM\nerror: The sandbox is not in sync with the Podfile.lock. Run 'pod install' or update your CocoaPods installation.\nEOM\n    exit 1\nfi\n";
			showEnvVarsInLog = 0;
		};
/* End PBXShellScriptBuildPhase section */

/* Begin PBXSourcesBuildPhase section */
		1ADBCE061B43F67200E98A21 /* Sources */ = {
			isa = PBXSourcesBuildPhase;
			buildActionMask = 2147483647;
			files = (
				1ADBCE131B43F67200E98A21 /* AppDelegate.m in Sources */,
				1ADBCE101B43F67200E98A21 /* main.m in Sources */,
				1ADBCE3D1B44315A00E98A21 /* StoryViewController.m in Sources */,
				1ADBCE371B43FC6600E98A21 /* StoryTableViewCell.m in Sources */,
				1ADBCE3A1B43FD3400E98A21 /* StoriesTableViewController.m in Sources */,
			);
			runOnlyForDeploymentPostprocessing = 0;
		};
		1ADBCE1F1B43F67200E98A21 /* Sources */ = {
			isa = PBXSourcesBuildPhase;
			buildActionMask = 2147483647;
			files = (
				1ADBCE2A1B43F67200E98A21 /* HNReaderTests.m in Sources */,
			);
			runOnlyForDeploymentPostprocessing = 0;
		};
/* End PBXSourcesBuildPhase section */

/* Begin PBXTargetDependency section */
		1ADBCE251B43F67200E98A21 /* PBXTargetDependency */ = {
			isa = PBXTargetDependency;
			target = 1ADBCE091B43F67200E98A21 /* HNReader */;
			targetProxy = 1ADBCE241B43F67200E98A21 /* PBXContainerItemProxy */;
		};
/* End PBXTargetDependency section */

/* Begin PBXVariantGroup section */
		1ADBCE171B43F67200E98A21 /* Main.storyboard */ = {
			isa = PBXVariantGroup;
			children = (
				1ADBCE181B43F67200E98A21 /* Base */,
			);
			name = Main.storyboard;
			sourceTree = "<group>";
		};
		1ADBCE1C1B43F67200E98A21 /* LaunchScreen.xib */ = {
			isa = PBXVariantGroup;
			children = (
				1ADBCE1D1B43F67200E98A21 /* Base */,
			);
			name = LaunchScreen.xib;
			sourceTree = "<group>";
		};
/* End PBXVariantGroup section */

/* Begin XCBuildConfiguration section */
		1ADBCE2B1B43F67200E98A21 /* Debug */ = {
			isa = XCBuildConfiguration;
			buildSettings = {
				ALWAYS_SEARCH_USER_PATHS = NO;
				CLANG_CXX_LANGUAGE_STANDARD = "gnu++0x";
				CLANG_CXX_LIBRARY = "libc++";
				CLANG_ENABLE_MODULES = YES;
				CLANG_ENABLE_OBJC_ARC = YES;
				CLANG_WARN_BOOL_CONVERSION = YES;
				CLANG_WARN_CONSTANT_CONVERSION = YES;
				CLANG_WARN_DIRECT_OBJC_ISA_USAGE = YES_ERROR;
				CLANG_WARN_EMPTY_BODY = YES;
				CLANG_WARN_ENUM_CONVERSION = YES;
				CLANG_WARN_INT_CONVERSION = YES;
				CLANG_WARN_OBJC_ROOT_CLASS = YES_ERROR;
				CLANG_WARN_UNREACHABLE_CODE = YES;
				CLANG_WARN__DUPLICATE_METHOD_MATCH = YES;
				"CODE_SIGN_IDENTITY[sdk=iphoneos*]" = "iPhone Developer";
				COPY_PHASE_STRIP = NO;
				DEBUG_INFORMATION_FORMAT = "dwarf-with-dsym";
				ENABLE_STRICT_OBJC_MSGSEND = YES;
				GCC_C_LANGUAGE_STANDARD = gnu99;
				GCC_DYNAMIC_NO_PIC = NO;
				GCC_NO_COMMON_BLOCKS = YES;
				GCC_OPTIMIZATION_LEVEL = 0;
				GCC_PREPROCESSOR_DEFINITIONS = (
					"DEBUG=1",
					"$(inherited)",
				);
				GCC_SYMBOLS_PRIVATE_EXTERN = NO;
				GCC_WARN_64_TO_32_BIT_CONVERSION = YES;
				GCC_WARN_ABOUT_RETURN_TYPE = YES_ERROR;
				GCC_WARN_UNDECLARED_SELECTOR = YES;
				GCC_WARN_UNINITIALIZED_AUTOS = YES_AGGRESSIVE;
				GCC_WARN_UNUSED_FUNCTION = YES;
				GCC_WARN_UNUSED_VARIABLE = YES;
				IPHONEOS_DEPLOYMENT_TARGET = 8.3;
				MTL_ENABLE_DEBUG_INFO = YES;
				ONLY_ACTIVE_ARCH = YES;
				SDKROOT = iphoneos;
				TARGETED_DEVICE_FAMILY = "1,2";
			};
			name = Debug;
		};
		1ADBCE2C1B43F67200E98A21 /* Release */ = {
			isa = XCBuildConfiguration;
			buildSettings = {
				ALWAYS_SEARCH_USER_PATHS = NO;
				CLANG_CXX_LANGUAGE_STANDARD = "gnu++0x";
				CLANG_CXX_LIBRARY = "libc++";
				CLANG_ENABLE_MODULES = YES;
				CLANG_ENABLE_OBJC_ARC = YES;
				CLANG_WARN_BOOL_CONVERSION = YES;
				CLANG_WARN_CONSTANT_CONVERSION = YES;
				CLANG_WARN_DIRECT_OBJC_ISA_USAGE = YES_ERROR;
				CLANG_WARN_EMPTY_BODY = YES;
				CLANG_WARN_ENUM_CONVERSION = YES;
				CLANG_WARN_INT_CONVERSION = YES;
				CLANG_WARN_OBJC_ROOT_CLASS = YES_ERROR;
				CLANG_WARN_UNREACHABLE_CODE = YES;
				CLANG_WARN__DUPLICATE_METHOD_MATCH = YES;
				"CODE_SIGN_IDENTITY[sdk=iphoneos*]" = "iPhone Developer";
				COPY_PHASE_STRIP = NO;
				DEBUG_INFORMATION_FORMAT = "dwarf-with-dsym";
				ENABLE_NS_ASSERTIONS = NO;
				ENABLE_STRICT_OBJC_MSGSEND = YES;
				GCC_C_LANGUAGE_STANDARD = gnu99;
				GCC_NO_COMMON_BLOCKS = YES;
				GCC_WARN_64_TO_32_BIT_CONVERSION = YES;
				GCC_WARN_ABOUT_RETURN_TYPE = YES_ERROR;
				GCC_WARN_UNDECLARED_SELECTOR = YES;
				GCC_WARN_UNINITIALIZED_AUTOS = YES_AGGRESSIVE;
				GCC_WARN_UNUSED_FUNCTION = YES;
				GCC_WARN_UNUSED_VARIABLE = YES;
				IPHONEOS_DEPLOYMENT_TARGET = 8.3;
				MTL_ENABLE_DEBUG_INFO = NO;
				SDKROOT = iphoneos;
				TARGETED_DEVICE_FAMILY = "1,2";
				VALIDATE_PRODUCT = YES;
			};
			name = Release;
		};
		1ADBCE2E1B43F67200E98A21 /* Debug */ = {
			isa = XCBuildConfiguration;
			baseConfigurationReference = 9D5338384784EAB084A6026A /* Pods.debug.xcconfig */;
			buildSettings = {
				ASSETCATALOG_COMPILER_APPICON_NAME = AppIcon;
				INFOPLIST_FILE = HNReader/Info.plist;
				IPHONEOS_DEPLOYMENT_TARGET = 7.0;
				LD_RUNPATH_SEARCH_PATHS = "$(inherited) @executable_path/Frameworks";
				PRODUCT_NAME = "$(TARGET_NAME)";
			};
			name = Debug;
		};
		1ADBCE2F1B43F67200E98A21 /* Release */ = {
			isa = XCBuildConfiguration;
			baseConfigurationReference = 7228DAE88F46DD24FF094B16 /* Pods.release.xcconfig */;
			buildSettings = {
				ASSETCATALOG_COMPILER_APPICON_NAME = AppIcon;
				INFOPLIST_FILE = HNReader/Info.plist;
				IPHONEOS_DEPLOYMENT_TARGET = 7.0;
				LD_RUNPATH_SEARCH_PATHS = "$(inherited) @executable_path/Frameworks";
				PRODUCT_NAME = "$(TARGET_NAME)";
			};
			name = Release;
		};
		1ADBCE311B43F67200E98A21 /* Debug */ = {
			isa = XCBuildConfiguration;
			buildSettings = {
				BUNDLE_LOADER = "$(TEST_HOST)";
				FRAMEWORK_SEARCH_PATHS = (
					"$(SDKROOT)/Developer/Library/Frameworks",
					"$(inherited)",
				);
				GCC_PREPROCESSOR_DEFINITIONS = (
					"DEBUG=1",
					"$(inherited)",
				);
				INFOPLIST_FILE = HNReaderTests/Info.plist;
				LD_RUNPATH_SEARCH_PATHS = "$(inherited) @executable_path/Frameworks @loader_path/Frameworks";
				PRODUCT_NAME = "$(TARGET_NAME)";
				TEST_HOST = "$(BUILT_PRODUCTS_DIR)/HNReader.app/HNReader";
			};
			name = Debug;
		};
		1ADBCE321B43F67200E98A21 /* Release */ = {
			isa = XCBuildConfiguration;
			buildSettings = {
				BUNDLE_LOADER = "$(TEST_HOST)";
				FRAMEWORK_SEARCH_PATHS = (
					"$(SDKROOT)/Developer/Library/Frameworks",
					"$(inherited)",
				);
				INFOPLIST_FILE = HNReaderTests/Info.plist;
				LD_RUNPATH_SEARCH_PATHS = "$(inherited) @executable_path/Frameworks @loader_path/Frameworks";
				PRODUCT_NAME = "$(TARGET_NAME)";
				TEST_HOST = "$(BUILT_PRODUCTS_DIR)/HNReader.app/HNReader";
			};
			name = Release;
		};
/* End XCBuildConfiguration section */

/* Begin XCConfigurationList section */
		1ADBCE051B43F67200E98A21 /* Build configuration list for PBXProject "HNReader" */ = {
			isa = XCConfigurationList;
			buildConfigurations = (
				1ADBCE2B1B43F67200E98A21 /* Debug */,
				1ADBCE2C1B43F67200E98A21 /* Release */,
			);
			defaultConfigurationIsVisible = 0;
			defaultConfigurationName = Release;
		};
		1ADBCE2D1B43F67200E98A21 /* Build configuration list for PBXNativeTarget "HNReader" */ = {
			isa = XCConfigurationList;
			buildConfigurations = (
				1ADBCE2E1B43F67200E98A21 /* Debug */,
				1ADBCE2F1B43F67200E98A21 /* Release */,
			);
			defaultConfigurationIsVisible = 0;
			defaultConfigurationName = Release;
		};
		1ADBCE301B43F67200E98A21 /* Build configuration list for PBXNativeTarget "HNReaderTests" */ = {
			isa = XCConfigurationList;
			buildConfigurations = (
				1ADBCE311B43F67200E98A21 /* Debug */,
				1ADBCE321B43F67200E98A21 /* Release */,
			);
			defaultConfigurationIsVisible = 0;
			defaultConfigurationName = Release;
		};
/* End XCConfigurationList section */
	};
	rootObject = 1ADBCE021B43F67200E98A21 /* Project object */;
}
